
Microsoft Visual Studio Solution File, Format Version 12.00
# Visual Studio Version 16
VisualStudioVersion = 16.0.31729.503
MinimumVisualStudioVersion = 10.0.40219.1
Project("{8BC9CEB8-8B4A-11D0-8D11-00A0C91BC942}") = "Akram_2-5_1", "Akram_2-5_1\Akram_2-5_1.vcxproj", "{236BF6A4-8B4B-4CF6-B54C-BCA71D690745}"
EndProject
Global
	GlobalSection(SolutionConfigurationPlatforms) = preSolution
		Debug|x64 = Debug|x64
		Debug|x86 = Debug|x86
		Release|x64 = Release|x64
		Release|x86 = Release|x86
	EndGlobalSection
	GlobalSection(ProjectConfigurationPlatforms) = postSolution
		{236BF6A4-8B4B-4CF6-B54C-BCA71D690745}.Debug|x64.ActiveCfg = Debug|x64
		{236BF6A4-8B4B-4CF6-B54C-BCA71D690745}.Debug|x64.Build.0 = Debug|x64
		{236BF6A4-8B4B-4CF6-B54C-BCA71D690745}.Debug|x86.ActiveCfg = Debug|Win32
		{236BF6A4-8B4B-4CF6-B54C-BCA71D690745}.Debug|x86.Build.0 = Debug|Win32
		{236BF6A4-8B4B-4CF6-B54C-BCA71D690745}.Release|x64.ActiveCfg = Release|x64
		{236BF6A4-8B4B-4CF6-B54C-BCA71D690745}.Release|x64.Build.0 = Release|x64
		{236BF6A4-8B4B-4CF6-B54C-BCA71D690745}.Release|x86.ActiveCfg = Release|Win32
		{236BF6A4-8B4B-4CF6-B54C-BCA71D690745}.Release|x86.Build.0 = Release|Win32
	EndGlobalSection
	GlobalSection(SolutionProperties) = preSolution
		HideSolutionNode = FALSE
	EndGlobalSection
	GlobalSection(ExtensibilityGlobals) = postSolution
		SolutionGuid = {B27ACC59-79A7-4E11-9037-E30496C37BBD}
	EndGlobalSection
EndGlobal
